
Microsoft Visual Studio Solution File, Format Version 12.00
# Visual Studio Version 16
VisualStudioVersion = 16.0.31025.194
MinimumVisualStudioVersion = 10.0.40219.1
Project("{FAE04EC0-301F-11D3-BF4B-00C04F79EFBC}") = "PSalario", "PSalario\PSalario.csproj", "{88EEA528-8B75-4412-A879-197812F2CED9}"
EndProject
Global
	GlobalSection(SolutionConfigurationPlatforms) = preSolution
		Debug|Any CPU = Debug|Any CPU
		Release|Any CPU = Release|Any CPU
	EndGlobalSection
	GlobalSection(ProjectConfigurationPlatforms) = postSolution
		{88EEA528-8B75-4412-A879-197812F2CED9}.Debug|Any CPU.ActiveCfg = Debug|Any CPU
		{88EEA528-8B75-4412-A879-197812F2CED9}.Debug|Any CPU.Build.0 = Debug|Any CPU
		{88EEA528-8B75-4412-A879-197812F2CED9}.Release|Any CPU.ActiveCfg = Release|Any CPU
		{88EEA528-8B75-4412-A879-197812F2CED9}.Release|Any CPU.Build.0 = Release|Any CPU
	EndGlobalSection
	GlobalSection(SolutionProperties) = preSolution
		HideSolutionNode = FALSE
	EndGlobalSection
	GlobalSection(ExtensibilityGlobals) = postSolution
		SolutionGuid = {10FEDA84-60A4-4B05-8DA2-AED0B4BFEC03}
	EndGlobalSection
EndGlobal
