
Microsoft Visual Studio Solution File, Format Version 12.00
# Visual Studio Version 16
VisualStudioVersion = 16.0.31025.194
MinimumVisualStudioVersion = 10.0.40219.1
Project("{FAE04EC0-301F-11D3-BF4B-00C04F79EFBC}") = "PAtividade8", "PAtividade8\PAtividade8.csproj", "{798D627C-796E-4B30-B338-B043E756263A}"
EndProject
Global
	GlobalSection(SolutionConfigurationPlatforms) = preSolution
		Debug|Any CPU = Debug|Any CPU
		Release|Any CPU = Release|Any CPU
	EndGlobalSection
	GlobalSection(ProjectConfigurationPlatforms) = postSolution
		{798D627C-796E-4B30-B338-B043E756263A}.Debug|Any CPU.ActiveCfg = Debug|Any CPU
		{798D627C-796E-4B30-B338-B043E756263A}.Debug|Any CPU.Build.0 = Debug|Any CPU
		{798D627C-796E-4B30-B338-B043E756263A}.Release|Any CPU.ActiveCfg = Release|Any CPU
		{798D627C-796E-4B30-B338-B043E756263A}.Release|Any CPU.Build.0 = Release|Any CPU
	EndGlobalSection
	GlobalSection(SolutionProperties) = preSolution
		HideSolutionNode = FALSE
	EndGlobalSection
	GlobalSection(ExtensibilityGlobals) = postSolution
		SolutionGuid = {C6FCE4F1-2946-4587-AB1D-9F8261465A1D}
	EndGlobalSection
EndGlobal
