
Microsoft Visual Studio Solution File, Format Version 12.00
# Visual Studio Version 16
VisualStudioVersion = 16.0.31005.135
MinimumVisualStudioVersion = 10.0.40219.1
Project("{FAE04EC0-301F-11D3-BF4B-00C04F79EFBC}") = "ECalculadoraP", "ECalculadoraP\ECalculadoraP.csproj", "{27C430B5-415E-46CA-AE98-EA9E089D4B36}"
EndProject
Global
	GlobalSection(SolutionConfigurationPlatforms) = preSolution
		Debug|Any CPU = Debug|Any CPU
		Release|Any CPU = Release|Any CPU
	EndGlobalSection
	GlobalSection(ProjectConfigurationPlatforms) = postSolution
		{27C430B5-415E-46CA-AE98-EA9E089D4B36}.Debug|Any CPU.ActiveCfg = Debug|Any CPU
		{27C430B5-415E-46CA-AE98-EA9E089D4B36}.Debug|Any CPU.Build.0 = Debug|Any CPU
		{27C430B5-415E-46CA-AE98-EA9E089D4B36}.Release|Any CPU.ActiveCfg = Release|Any CPU
		{27C430B5-415E-46CA-AE98-EA9E089D4B36}.Release|Any CPU.Build.0 = Release|Any CPU
	EndGlobalSection
	GlobalSection(SolutionProperties) = preSolution
		HideSolutionNode = FALSE
	EndGlobalSection
	GlobalSection(ExtensibilityGlobals) = postSolution
		SolutionGuid = {8366AA23-964A-48E1-8DC8-69A7B6B92D05}
	EndGlobalSection
EndGlobal
